
Microsoft Visual Studio Solution File, Format Version 12.00
# Visual Studio Version 16
VisualStudioVersion = 16.0.30320.27
MinimumVisualStudioVersion = 10.0.40219.1
Project("{FAE04EC0-301F-11D3-BF4B-00C04F79EFBC}") = "RamirezTarea", "RamirezTarea\RamirezTarea.csproj", "{FC948F89-4DC1-468B-AF71-788F65188889}"
EndProject
Global
	GlobalSection(SolutionConfigurationPlatforms) = preSolution
		Debug|Any CPU = Debug|Any CPU
		Release|Any CPU = Release|Any CPU
	EndGlobalSection
	GlobalSection(ProjectConfigurationPlatforms) = postSolution
		{FC948F89-4DC1-468B-AF71-788F65188889}.Debug|Any CPU.ActiveCfg = Debug|Any CPU
		{FC948F89-4DC1-468B-AF71-788F65188889}.Debug|Any CPU.Build.0 = Debug|Any CPU
		{FC948F89-4DC1-468B-AF71-788F65188889}.Release|Any CPU.ActiveCfg = Release|Any CPU
		{FC948F89-4DC1-468B-AF71-788F65188889}.Release|Any CPU.Build.0 = Release|Any CPU
	EndGlobalSection
	GlobalSection(SolutionProperties) = preSolution
		HideSolutionNode = FALSE
	EndGlobalSection
	GlobalSection(ExtensibilityGlobals) = postSolution
		SolutionGuid = {34ABB952-C2AE-4D12-97ED-17570032910C}
	EndGlobalSection
EndGlobal
